
Microsoft Visual Studio Solution File, Format Version 12.00
# Visual Studio Version 17
VisualStudioVersion = 17.1.31911.260
MinimumVisualStudioVersion = 10.0.40219.1
Project("{FAE04EC0-301F-11D3-BF4B-00C04F79EFBC}") = "Chess_Efremov", "Chess_Semenova\Chess_Efremov.csproj", "{DEA52ABB-9357-478A-B33B-EEE4B19EE0A9}"
EndProject
Global
	GlobalSection(SolutionConfigurationPlatforms) = preSolution
		Debug|Any CPU = Debug|Any CPU
		Release|Any CPU = Release|Any CPU
	EndGlobalSection
	GlobalSection(ProjectConfigurationPlatforms) = postSolution
		{DEA52ABB-9357-478A-B33B-EEE4B19EE0A9}.Debug|Any CPU.ActiveCfg = Debug|Any CPU
		{DEA52ABB-9357-478A-B33B-EEE4B19EE0A9}.Debug|Any CPU.Build.0 = Debug|Any CPU
		{DEA52ABB-9357-478A-B33B-EEE4B19EE0A9}.Release|Any CPU.ActiveCfg = Release|Any CPU
		{DEA52ABB-9357-478A-B33B-EEE4B19EE0A9}.Release|Any CPU.Build.0 = Release|Any CPU
	EndGlobalSection
	GlobalSection(SolutionProperties) = preSolution
		HideSolutionNode = FALSE
	EndGlobalSection
	GlobalSection(ExtensibilityGlobals) = postSolution
		SolutionGuid = {17E0F868-0C1B-4D4A-8867-10EA8BC123C7}
	EndGlobalSection
EndGlobal
